<?xml version="1.0" encoding="utf-8"?>
<Project ToolsVersion="4.0" xmlns="http://schemas.microsoft.com/developer/msbuild/2003">
  <ItemGroup>
    <Filter Include="Source Files">
      <UniqueIdentifier>{4FC737F1-C7A5-4376-A066-2A32D752A2FF}</UniqueIdentifier>
      <Extensions>cpp;c;cc;cxx;c++;cppm;ixx;def;odl;idl;hpj;bat;asm;asmx</Extensions>
    </Filter>
    <Filter Include="Header Files">
      <UniqueIdentifier>{93995380-89BD-4b04-88EB-625FBE52EBFB}</UniqueIdentifier>
      <Extensions>h;hh;hpp;hxx;h++;hm;inl;inc;ipp;xsd</Extensions>
    </Filter>
    <Filter Include="Resource Files">
      <UniqueIdentifier>{67DA6AB6-F800-4c08-8B7A-83BB121AAD01}</UniqueIdentifier>
      <Extensions>rc;ico;cur;bmp;dlg;rc2;rct;bin;rgs;gif;jpg;jpeg;jpe;resx;tiff;tif;png;wav;mfcribbon-ms</Extensions>
    </Filter>
    <Filter Include="Header Files\Components">
      <UniqueIdentifier>{b64f8d5c-30bc-4813-a631-3840676983f3}</UniqueIdentifier>
    </Filter>
    <Filter Include="Header Files\Systems">
      <UniqueIdentifier>{4456fa1b-e869-4071-b212-aef84c12c7bd}</UniqueIdentifier>
    </Filter>
    <Filter Include="Header Files\Events">
      <UniqueIdentifier>{8dbed8d6-8668-43b5-9ea3-c8ad403f7b22}</UniqueIdentifier>
    </Filter>
  </ItemGroup>
  <ItemGroup>
    <ClCompile Include="main.cpp">
      <Filter>Source Files</Filter>
    </ClCompile>
    <ClCompile Include="Game.cpp">
      <Filter>Source Files</Filter>
    </ClCompile>
    <ClCompile Include="AISystem.hpp">
      <Filter>Header Files\Systems</Filter>
    </ClCompile>
  </ItemGroup>
  <ItemGroup>
    <ClInclude Include="Game.hpp">
      <Filter>Header Files</Filter>
    </ClInclude>
    <ClInclude Include="Player.hpp">
      <Filter>Header Files\Components</Filter>
    </ClInclude>
    <ClInclude Include="AI.hpp">
      <Filter>Header Files\Components</Filter>
    </ClInclude>
    <ClInclude Include="Ball.hpp">
      <Filter>Header Files\Components</Filter>
    </ClInclude>
    <ClInclude Include="Sprite.hpp">
      <Filter>Header Files\Components</Filter>
    </ClInclude>
    <ClInclude Include="Position.hpp">
      <Filter>Header Files\Components</Filter>
    </ClInclude>
    <ClInclude Include="RenderSystem.hpp">
      <Filter>Header Files\Systems</Filter>
    </ClInclude>
    <ClInclude Include="MoveSystem.hpp">
      <Filter>Header Files\Systems</Filter>
    </ClInclude>
    <ClInclude Include="KeyDown.hpp">
      <Filter>Header Files\Events</Filter>
    </ClInclude>
    <ClInclude Include="KeyUp.hpp">
      <Filter>Header Files\Events</Filter>
    </ClInclude>
    <ClInclude Include="Settings.hpp">
      <Filter>Header Files</Filter>
    </ClInclude>
    <ClInclude Include="CollisionSystem.hpp">
      <Filter>Header Files\Systems</Filter>
    </ClInclude>
    <ClInclude Include="CollisionHolder.hpp">
      <Filter>Header Files\Systems</Filter>
    </ClInclude>
  </ItemGroup>
</Project>